// !$*UTF8*$!
{
	archiveVersion = 1;
	classes = {
	};
	objectVersion = 46;
	objects = {

/* Begin PBXAggregateTarget section */
		BD48069D1239AFCA00DFB19E /* Build Custom Framework */ = {
			isa = PBXAggregateTarget;
			buildConfigurationList = BD4806A01239B00300DFB19E /* Build configuration list for PBXAggregateTarget "Build Custom Framework" */;
			buildPhases = (
				BD48069C1239AFCA00DFB19E /* ShellScript */,
			);
			dependencies = (
			);
			name = "Build Custom Framework";
			productName = "Build Custom Framework";
		};
/* End PBXAggregateTarget section */

/* Begin PBXBuildFile section */
		1B1AF9F31284E2D800013428 /* Syphon.framework in Frameworks */ = {isa = PBXBuildFile; fileRef = 1B1AF9F21284E2D800013428 /* Syphon.framework */; };
		1B9CA811121ECE3400BEF37A /* OpenGL.framework in Frameworks */ = {isa = PBXBuildFile; fileRef = 1B9CA810121ECE3400BEF37A /* OpenGL.framework */; };
		414D6D7814DCEA7A00081DCA /* SyphonCacheData.mm in Sources */ = {isa = PBXBuildFile; fileRef = 4150644514DB897300678564 /* SyphonCacheData.mm */; };
		4150644214DB7D7600678564 /* SyphonUnity.mm in Sources */ = {isa = PBXBuildFile; fileRef = 4150644114DB7D7600678564 /* SyphonUnity.mm */; };
		8D5B49B0048680CD000E48DA /* InfoPlist.strings in Resources */ = {isa = PBXBuildFile; fileRef = 089C167DFE841241C02AAC07 /* InfoPlist.strings */; };
		8D5B49B4048680CD000E48DA /* Cocoa.framework in Frameworks */ = {isa = PBXBuildFile; fileRef = 1058C7ADFEA557BF11CA2CBB /* Cocoa.framework */; };
		E238D9EC151F761A00B1DBE2 /* libmono.0.dylib in Frameworks */ = {isa = PBXBuildFile; fileRef = E238D9EB151F761A00B1DBE2 /* libmono.0.dylib */; };
/* End PBXBuildFile section */

/* Begin PBXContainerItemProxy section */
		BD4806B51239B08900DFB19E /* PBXContainerItemProxy */ = {
			isa = PBXContainerItemProxy;
			containerPortal = 089C1669FE841209C02AAC07 /* Project object */;
			proxyType = 1;
			remoteGlobalIDString = BD48069D1239AFCA00DFB19E;
			remoteInfo = "Build Custom Framework";
		};
/* End PBXContainerItemProxy section */

/* Begin PBXCopyFilesBuildPhase section */
		1BE97414121E29E60024DB80 /* Copy Framework */ = {
			isa = PBXCopyFilesBuildPhase;
			buildActionMask = 2147483647;
			dstPath = "";
			dstSubfolderSpec = 10;
			files = (
			);
			name = "Copy Framework";
			runOnlyForDeploymentPostprocessing = 0;
		};
/* End PBXCopyFilesBuildPhase section */

/* Begin PBXFileReference section */
		089C1672FE841209C02AAC07 /* Foundation.framework */ = {isa = PBXFileReference; lastKnownFileType = wrapper.framework; name = Foundation.framework; path = /System/Library/Frameworks/Foundation.framework; sourceTree = "<absolute>"; };
		089C167EFE841241C02AAC07 /* English */ = {isa = PBXFileReference; fileEncoding = 4; lastKnownFileType = text.plist.strings; name = English; path = English.lproj/InfoPlist.strings; sourceTree = "<group>"; };
		089C167FFE841241C02AAC07 /* AppKit.framework */ = {isa = PBXFileReference; lastKnownFileType = wrapper.framework; name = AppKit.framework; path = /System/Library/Frameworks/AppKit.framework; sourceTree = "<absolute>"; };
		1058C7ADFEA557BF11CA2CBB /* Cocoa.framework */ = {isa = PBXFileReference; lastKnownFileType = wrapper.framework; name = Cocoa.framework; path = /System/Library/Frameworks/Cocoa.framework; sourceTree = "<absolute>"; };
		1B1AF9F21284E2D800013428 /* Syphon.framework */ = {isa = PBXFileReference; lastKnownFileType = wrapper.framework; path = Syphon.framework; sourceTree = BUILT_PRODUCTS_DIR; };
		1B9CA810121ECE3400BEF37A /* OpenGL.framework */ = {isa = PBXFileReference; lastKnownFileType = wrapper.framework; name = OpenGL.framework; path = System/Library/Frameworks/OpenGL.framework; sourceTree = SDKROOT; };
		1BA90D6D1224A95500197D3A /* SyphonServerUnity.mm */ = {isa = PBXFileReference; fileEncoding = 4; lastKnownFileType = sourcecode.cpp.objcpp; path = SyphonServerUnity.mm; sourceTree = "<group>"; };
		1BE9744D121E30A40024DB80 /* SyphonClientUnity.m */ = {isa = PBXFileReference; fileEncoding = 4; lastKnownFileType = sourcecode.c.objc; path = SyphonClientUnity.m; sourceTree = "<group>"; };
		32DBCF630370AF2F00C91783 /* SyphonUnityPlugin_Prefix.pch */ = {isa = PBXFileReference; fileEncoding = 4; lastKnownFileType = sourcecode.c.h; path = SyphonUnityPlugin_Prefix.pch; sourceTree = "<group>"; };
		4132A62314E9F7AB009EB701 /* SyphonUnityPlugin.xcodeproj */ = {isa = PBXFileReference; lastKnownFileType = "wrapper.pb-project"; path = SyphonUnityPlugin.xcodeproj; sourceTree = "<group>"; };
		4150643514DB2DDA00678564 /* ServerWatcherUtility.mm */ = {isa = PBXFileReference; fileEncoding = 4; lastKnownFileType = sourcecode.cpp.objcpp; path = ServerWatcherUtility.mm; sourceTree = "<group>"; };
		4150644014DB6E7A00678564 /* UnityPluginInterface.h */ = {isa = PBXFileReference; fileEncoding = 4; lastKnownFileType = sourcecode.c.h; path = UnityPluginInterface.h; sourceTree = "<group>"; };
		4150644114DB7D7600678564 /* SyphonUnity.mm */ = {isa = PBXFileReference; fileEncoding = 4; lastKnownFileType = sourcecode.cpp.objcpp; path = SyphonUnity.mm; sourceTree = "<group>"; };
		4150644314DB7D9200678564 /* SyphonUnity.h */ = {isa = PBXFileReference; fileEncoding = 4; lastKnownFileType = sourcecode.c.h; path = SyphonUnity.h; sourceTree = "<group>"; };
		4150644414DB897300678564 /* SyphonCacheData.h */ = {isa = PBXFileReference; fileEncoding = 4; lastKnownFileType = sourcecode.c.h; path = SyphonCacheData.h; sourceTree = "<group>"; };
		4150644514DB897300678564 /* SyphonCacheData.mm */ = {isa = PBXFileReference; fileEncoding = 4; lastKnownFileType = sourcecode.cpp.objcpp; path = SyphonCacheData.mm; sourceTree = "<group>"; };
		8D5B49B6048680CD000E48DA /* SyphonUnityPlugin.bundle */ = {isa = PBXFileReference; explicitFileType = wrapper.cfbundle; includeInIndex = 0; path = SyphonUnityPlugin.bundle; sourceTree = BUILT_PRODUCTS_DIR; };
		8D5B49B7048680CD000E48DA /* Info.plist */ = {isa = PBXFileReference; fileEncoding = 4; lastKnownFileType = text.plist.xml; path = Info.plist; sourceTree = "<group>"; };
		D2F7E65807B2D6F200F64583 /* CoreData.framework */ = {isa = PBXFileReference; lastKnownFileType = wrapper.framework; name = CoreData.framework; path = /System/Library/Frameworks/CoreData.framework; sourceTree = "<absolute>"; };
		E238D9EB151F761A00B1DBE2 /* libmono.0.dylib */ = {isa = PBXFileReference; lastKnownFileType = "compiled.mach-o.dylib"; name = libmono.0.dylib; path = /Applications/Unity/Unity.app/Contents/Frameworks/MonoEmbedRuntime/osx/libmono.0.dylib; sourceTree = "<absolute>"; };
/* End PBXFileReference section */

/* Begin PBXFrameworksBuildPhase section */
		8D5B49B3048680CD000E48DA /* Frameworks */ = {
			isa = PBXFrameworksBuildPhase;
			buildActionMask = 2147483647;
			files = (
				E238D9EC151F761A00B1DBE2 /* libmono.0.dylib in Frameworks */,
				8D5B49B4048680CD000E48DA /* Cocoa.framework in Frameworks */,
				1B9CA811121ECE3400BEF37A /* OpenGL.framework in Frameworks */,
				1B1AF9F31284E2D800013428 /* Syphon.framework in Frameworks */,
			);
			runOnlyForDeploymentPostprocessing = 0;
		};
/* End PBXFrameworksBuildPhase section */

/* Begin PBXGroup section */
		089C166AFE841209C02AAC07 /* SyphonUnityPlugin */ = {
			isa = PBXGroup;
			children = (
				4132A62314E9F7AB009EB701 /* SyphonUnityPlugin.xcodeproj */,
				1BE9744D121E30A40024DB80 /* SyphonClientUnity.m */,
				4150644114DB7D7600678564 /* SyphonUnity.mm */,
				4150644314DB7D9200678564 /* SyphonUnity.h */,
				4150644414DB897300678564 /* SyphonCacheData.h */,
				4150644514DB897300678564 /* SyphonCacheData.mm */,
				4150644014DB6E7A00678564 /* UnityPluginInterface.h */,
				1BA90D6D1224A95500197D3A /* SyphonServerUnity.mm */,
				4150643514DB2DDA00678564 /* ServerWatcherUtility.mm */,
				08FB77AFFE84173DC02AAC07 /* Classes */,
				32C88E010371C26100C91783 /* Other Sources */,
				089C167CFE841241C02AAC07 /* Resources */,
				089C1671FE841209C02AAC07 /* Frameworks and Libraries */,
				19C28FB8FE9D52D311CA2CBB /* Products */,
			);
			name = SyphonUnityPlugin;
			sourceTree = "<group>";
		};
		089C1671FE841209C02AAC07 /* Frameworks and Libraries */ = {
			isa = PBXGroup;
			children = (
				1058C7ACFEA557BF11CA2CBB /* Linked Frameworks */,
				1058C7AEFEA557BF11CA2CBB /* Other Frameworks */,
			);
			name = "Frameworks and Libraries";
			sourceTree = "<group>";
		};
		089C167CFE841241C02AAC07 /* Resources */ = {
			isa = PBXGroup;
			children = (
				8D5B49B7048680CD000E48DA /* Info.plist */,
				089C167DFE841241C02AAC07 /* InfoPlist.strings */,
			);
			name = Resources;
			sourceTree = "<group>";
		};
		08FB77AFFE84173DC02AAC07 /* Classes */ = {
			isa = PBXGroup;
			children = (
			);
			name = Classes;
			sourceTree = "<group>";
		};
		1058C7ACFEA557BF11CA2CBB /* Linked Frameworks */ = {
			isa = PBXGroup;
			children = (
				E238D9EB151F761A00B1DBE2 /* libmono.0.dylib */,
				1B9CA810121ECE3400BEF37A /* OpenGL.framework */,
				1058C7ADFEA557BF11CA2CBB /* Cocoa.framework */,
				1B1AF9F21284E2D800013428 /* Syphon.framework */,
			);
			name = "Linked Frameworks";
			sourceTree = "<group>";
		};
		1058C7AEFEA557BF11CA2CBB /* Other Frameworks */ = {
			isa = PBXGroup;
			children = (
				089C167FFE841241C02AAC07 /* AppKit.framework */,
				D2F7E65807B2D6F200F64583 /* CoreData.framework */,
				089C1672FE841209C02AAC07 /* Foundation.framework */,
			);
			name = "Other Frameworks";
			sourceTree = "<group>";
		};
		19C28FB8FE9D52D311CA2CBB /* Products */ = {
			isa = PBXGroup;
			children = (
				8D5B49B6048680CD000E48DA /* SyphonUnityPlugin.bundle */,
			);
			name = Products;
			sourceTree = "<group>";
		};
		32C88E010371C26100C91783 /* Other Sources */ = {
			isa = PBXGroup;
			children = (
				32DBCF630370AF2F00C91783 /* SyphonUnityPlugin_Prefix.pch */,
			);
			name = "Other Sources";
			sourceTree = "<group>";
		};
		4132A62414E9F7AB009EB701 /* Products */ = {
			isa = PBXGroup;
			name = Products;
			sourceTree = "<group>";
		};
/* End PBXGroup section */

/* Begin PBXNativeTarget section */
		8D5B49AC048680CD000E48DA /* SyphonUnityPlugin */ = {
			isa = PBXNativeTarget;
			buildConfigurationList = 1DEB913A08733D840010E9CD /* Build configuration list for PBXNativeTarget "SyphonUnityPlugin" */;
			buildPhases = (
				8D5B49AF048680CD000E48DA /* Resources */,
				8D5B49B1048680CD000E48DA /* Sources */,
				8D5B49B3048680CD000E48DA /* Frameworks */,
				1BE97414121E29E60024DB80 /* Copy Framework */,
				4150643C14DB2E6A00678564 /* ShellScript */,
			);
			buildRules = (
			);
			dependencies = (
				BD4806B61239B08900DFB19E /* PBXTargetDependency */,
			);
			name = SyphonUnityPlugin;
			productInstallPath = "$(HOME)/Library/Bundles";
			productName = SyphonUnityPlugin;
			productReference = 8D5B49B6048680CD000E48DA /* SyphonUnityPlugin.bundle */;
			productType = "com.apple.product-type.bundle";
		};
/* End PBXNativeTarget section */

/* Begin PBXProject section */
		089C1669FE841209C02AAC07 /* Project object */ = {
			isa = PBXProject;
			attributes = {
				LastUpgradeCheck = 0420;
			};
			buildConfigurationList = 1DEB913E08733D840010E9CD /* Build configuration list for PBXProject "SyphonUnityPlugin" */;
			compatibilityVersion = "Xcode 3.2";
			developmentRegion = English;
			hasScannedForEncodings = 1;
			knownRegions = (
				English,
				Japanese,
				French,
				German,
			);
			mainGroup = 089C166AFE841209C02AAC07 /* SyphonUnityPlugin */;
			projectDirPath = "";
			projectReferences = (
				{
					ProductGroup = 4132A62414E9F7AB009EB701 /* Products */;
					ProjectRef = 4132A62314E9F7AB009EB701 /* SyphonUnityPlugin.xcodeproj */;
				},
			);
			projectRoot = "";
			targets = (
				BD48069D1239AFCA00DFB19E /* Build Custom Framework */,
				8D5B49AC048680CD000E48DA /* SyphonUnityPlugin */,
			);
		};
/* End PBXProject section */

/* Begin PBXResourcesBuildPhase section */
		8D5B49AF048680CD000E48DA /* Resources */ = {
			isa = PBXResourcesBuildPhase;
			buildActionMask = 2147483647;
			files = (
				8D5B49B0048680CD000E48DA /* InfoPlist.strings in Resources */,
			);
			runOnlyForDeploymentPostprocessing = 0;
		};
/* End PBXResourcesBuildPhase section */

/* Begin PBXShellScriptBuildPhase section */
		4150643C14DB2E6A00678564 /* ShellScript */ = {
			isa = PBXShellScriptBuildPhase;
			buildActionMask = 2147483647;
			files = (
			);
			inputPaths = (
			);
			outputPaths = (
			);
			runOnlyForDeploymentPostprocessing = 0;
			shellPath = /bin/sh;
			shellScript = "\n#rm -r -f \"/Users/bc/Desktop/_EXPERIMENTS/Syphon3.5/Syphon Implementations/Unity3D/SyphonUnityExample/Assets/Plugins/$PRODUCT_NAME.bundle\"\n#cp -r -f \"$TARGET_BUILD_DIR/$PRODUCT_NAME.bundle\" \"/Users/bc/Desktop/_EXPERIMENTS/Syphon3.5/Syphon Implementations/Unity3D/SyphonUnityExample/Assets/Plugins/$PRODUCT_NAME.bundle\"\n";
		};
		BD48069C1239AFCA00DFB19E /* ShellScript */ = {
			isa = PBXShellScriptBuildPhase;
			buildActionMask = 2147483647;
			files = (
			);
			inputPaths = (
			);
			outputPaths = (
			);
			runOnlyForDeploymentPostprocessing = 0;
			shellPath = /bin/sh;
			shellScript = "cd \"$PROJECT_DIR/../../../../Syphon Framework/\"\nxcodebuild -configuration \"$CONFIGURATION\" ARCHS=\"$ARCHS\" VALID_ARCHS=\"$VALID_ARCHS\" OBJROOT=\"$OBJROOT\" SYMROOT=\"$SYMROOT\" GCC_PREPROCESSOR_DEFINITIONS=SYPHON_UNIQUE_CLASS_NAME_PREFIX=SyphonUnity";
		};
/* End PBXShellScriptBuildPhase section */

/* Begin PBXSourcesBuildPhase section */
		8D5B49B1048680CD000E48DA /* Sources */ = {
			isa = PBXSourcesBuildPhase;
			buildActionMask = 2147483647;
			files = (
				414D6D7814DCEA7A00081DCA /* SyphonCacheData.mm in Sources */,
				4150644214DB7D7600678564 /* SyphonUnity.mm in Sources */,
			);
			runOnlyForDeploymentPostprocessing = 0;
		};
/* End PBXSourcesBuildPhase section */

/* Begin PBXTargetDependency section */
		BD4806B61239B08900DFB19E /* PBXTargetDependency */ = {
			isa = PBXTargetDependency;
			target = BD48069D1239AFCA00DFB19E /* Build Custom Framework */;
			targetProxy = BD4806B51239B08900DFB19E /* PBXContainerItemProxy */;
		};
/* End PBXTargetDependency section */

/* Begin PBXVariantGroup section */
		089C167DFE841241C02AAC07 /* InfoPlist.strings */ = {
			isa = PBXVariantGroup;
			children = (
				089C167EFE841241C02AAC07 /* English */,
			);
			name = InfoPlist.strings;
			sourceTree = "<group>";
		};
/* End PBXVariantGroup section */

/* Begin XCBuildConfiguration section */
		1DEB913B08733D840010E9CD /* Debug */ = {
			isa = XCBuildConfiguration;
			buildSettings = {
				ALWAYS_SEARCH_USER_PATHS = NO;
				COPY_PHASE_STRIP = NO;
				FRAMEWORK_SEARCH_PATHS = "\"$(CONFIGURATION_BUILD_DIR)\"";
				GCC_DYNAMIC_NO_PIC = NO;
				GCC_MODEL_TUNING = G5;
				GCC_OPTIMIZATION_LEVEL = 0;
				GCC_PRECOMPILE_PREFIX_HEADER = YES;
				GCC_PREFIX_HEADER = SyphonUnityPlugin_Prefix.pch;
				INFOPLIST_FILE = Info.plist;
				INSTALL_PATH = "$(HOME)/Library/Bundles";
				LIBRARY_SEARCH_PATHS = (
					"$(inherited)",
					"\"$(SRCROOT)\"",
					"\"$(SYSTEM_APPS_DIR)/Unity/Unity.app/Contents/Frameworks/MonoEmbedRuntime/osx\"",
				);
				PRODUCT_NAME = SyphonUnityPlugin;
				WRAPPER_EXTENSION = bundle;
			};
			name = Debug;
		};
		1DEB913C08733D840010E9CD /* Release */ = {
			isa = XCBuildConfiguration;
			buildSettings = {
				ALWAYS_SEARCH_USER_PATHS = NO;
				DEBUG_INFORMATION_FORMAT = "dwarf-with-dsym";
				FRAMEWORK_SEARCH_PATHS = "\"$(CONFIGURATION_BUILD_DIR)\"";
				GCC_MODEL_TUNING = G5;
				GCC_PRECOMPILE_PREFIX_HEADER = YES;
				GCC_PREFIX_HEADER = SyphonUnityPlugin_Prefix.pch;
				INFOPLIST_FILE = Info.plist;
				INSTALL_PATH = "$(HOME)/Library/Bundles";
				LIBRARY_SEARCH_PATHS = (
					"$(inherited)",
					"\"$(SRCROOT)\"",
					"\"$(SYSTEM_APPS_DIR)/Unity/Unity.app/Contents/Frameworks/MonoEmbedRuntime/osx\"",
				);
				PRODUCT_NAME = SyphonUnityPlugin;
				WRAPPER_EXTENSION = bundle;
			};
			name = Release;
		};
		1DEB913F08733D840010E9CD /* Debug */ = {
			isa = XCBuildConfiguration;
			buildSettings = {
				ARCHS = "$(ARCHS_STANDARD_32_BIT)";
				GCC_C_LANGUAGE_STANDARD = gnu99;
				GCC_OPTIMIZATION_LEVEL = 0;
				GCC_WARN_ABOUT_RETURN_TYPE = YES;
				GCC_WARN_UNUSED_VARIABLE = YES;
				ONLY_ACTIVE_ARCH = NO;
				SDKROOT = macosx;
				VALID_ARCHS = i386;
			};
			name = Debug;
		};
		1DEB914008733D840010E9CD /* Release */ = {
			isa = XCBuildConfiguration;
			buildSettings = {
				ARCHS = "$(ARCHS_STANDARD_32_BIT)";
				GCC_C_LANGUAGE_STANDARD = gnu99;
				GCC_WARN_ABOUT_RETURN_TYPE = YES;
				GCC_WARN_UNUSED_VARIABLE = YES;
				ONLY_ACTIVE_ARCH = NO;
				SDKROOT = macosx;
				VALID_ARCHS = i386;
			};
			name = Release;
		};
		BD48069E1239AFCA00DFB19E /* Debug */ = {
			isa = XCBuildConfiguration;
			buildSettings = {
				COPY_PHASE_STRIP = NO;
				GCC_DYNAMIC_NO_PIC = NO;
				GCC_OPTIMIZATION_LEVEL = 0;
				PRODUCT_NAME = "Build Custom Framework";
			};
			name = Debug;
		};
		BD48069F1239AFCA00DFB19E /* Release */ = {
			isa = XCBuildConfiguration;
			buildSettings = {
				COPY_PHASE_STRIP = YES;
				DEBUG_INFORMATION_FORMAT = "dwarf-with-dsym";
				PRODUCT_NAME = "Build Custom Framework";
				ZERO_LINK = NO;
			};
			name = Release;
		};
/* End XCBuildConfiguration section */

/* Begin XCConfigurationList section */
		1DEB913A08733D840010E9CD /* Build configuration list for PBXNativeTarget "SyphonUnityPlugin" */ = {
			isa = XCConfigurationList;
			buildConfigurations = (
				1DEB913B08733D840010E9CD /* Debug */,
				1DEB913C08733D840010E9CD /* Release */,
			);
			defaultConfigurationIsVisible = 0;
			defaultConfigurationName = Release;
		};
		1DEB913E08733D840010E9CD /* Build configuration list for PBXProject "SyphonUnityPlugin" */ = {
			isa = XCConfigurationList;
			buildConfigurations = (
				1DEB913F08733D840010E9CD /* Debug */,
				1DEB914008733D840010E9CD /* Release */,
			);
			defaultConfigurationIsVisible = 0;
			defaultConfigurationName = Release;
		};
		BD4806A01239B00300DFB19E /* Build configuration list for PBXAggregateTarget "Build Custom Framework" */ = {
			isa = XCConfigurationList;
			buildConfigurations = (
				BD48069E1239AFCA00DFB19E /* Debug */,
				BD48069F1239AFCA00DFB19E /* Release */,
			);
			defaultConfigurationIsVisible = 0;
			defaultConfigurationName = Release;
		};
/* End XCConfigurationList section */
	};
	rootObject = 089C1669FE841209C02AAC07 /* Project object */;
}
